lockfileVersion: 5.4

specifiers:
  '@openapitools/openapi-generator-cli': cli-4.1.3
  openapi-types: ^12.0.0
  swagger-parser: 10.0.2

dependencies:
  '@openapitools/openapi-generator-cli': 1.0.18-4.1.3
  openapi-types: 12.0.0
  swagger-parser: 10.0.2_openapi-types@12.0.0

packages:

  /@apidevtools/json-schema-ref-parser/9.0.9:
    resolution: {integrity: sha512-GBD2Le9w2+lVFoc4vswGI/TjkNIZSVp7+9xPf+X3uidBfWnAeUWmquteSyt0+VCrhNMWj/FTABISQrD3Z/YA+w==}
    dependencies:
      '@jsdevtools/ono': 7.1.3
      '@types/json-schema': 7.0.11
      call-me-maybe: 1.0.1
      js-yaml: 4.1.0
    dev: false

  /@apidevtools/openapi-schemas/2.1.0:
    resolution: {integrity: sha512-Zc1AlqrJlX3SlpupFGpiLi2EbteyP7fXmUOGup6/DnkRgjP9bgMM/ag+n91rsv0U1Gpz0H3VILA/o3bW7Ua6BQ==}
    engines: {node: '>=10'}
    dev: false

  /@apidevtools/swagger-methods/3.0.2:
    resolution: {integrity: sha512-QAkD5kK2b1WfjDS/UQn/qQkbwF31uqRjPTrsCs5ZG9BQGAkjwvqGFjjPqAuzac/IYzpPtRzjCP1WrTuAIjMrXg==}
    dev: false

  /@apidevtools/swagger-parser/10.0.2_openapi-types@12.0.0:
    resolution: {integrity: sha512-JFxcEyp8RlNHgBCE98nwuTkZT6eNFPc1aosWV6wPcQph72TSEEu1k3baJD4/x1qznU+JiDdz8F5pTwabZh+Dhg==}
    peerDependencies:
      openapi-types: '>=7'
    dependencies:
      '@apidevtools/json-schema-ref-parser': 9.0.9
      '@apidevtools/openapi-schemas': 2.1.0
      '@apidevtools/swagger-methods': 3.0.2
      '@jsdevtools/ono': 7.1.3
      call-me-maybe: 1.0.1
      openapi-types: 12.0.0
      z-schema: 4.2.4
    dev: false

  /@jsdevtools/ono/7.1.3:
    resolution: {integrity: sha512-4JQNk+3mVzK3xh2rqd6RB4J46qUR19azEHBneZyTZM+c456qOrbbM/5xcR8huNCCcbVt7+UmizG6GuUvPvKUYg==}
    dev: false

  /@openapitools/openapi-generator-cli/1.0.18-4.1.3:
    resolution: {integrity: sha512-52fjp31ol+LbVvzUMyCGMPVGR3E0ijTNhXHMEPrKx0oXSJwKPHwjgNYHpUjd/XTbjw81dpb+wHWnzYOQMbosig==}
    hasBin: true
    dev: false

  /@types/json-schema/7.0.11:
    resolution: {integrity: sha512-wOuvG1SN4Us4rez+tylwwwCV1psiNVOkJeM3AUWUNWg/jDQY2+HE/444y5gc+jBmRqASOm2Oeh5c1axHobwRKQ==}
    dev: false

  /argparse/2.0.1:
    resolution: {integrity: sha512-8+9WqebbFzpX9OR+Wa6O29asIogeRMzcGtAINdpMHHyAg10f05aSFVBbcEqGf/PXw1EjAZ+q2/bEBg3DvurK3Q==}
    dev: false

  /call-me-maybe/1.0.1:
    resolution: {integrity: sha512-wCyFsDQkKPwwF8BDwOiWNx/9K45L/hvggQiDbve+viMNMQnWhrlYIuBk09offfwCRtCO9P6XwUttufzU11WCVw==}
    dev: false

  /commander/2.20.3:
    resolution: {integrity: sha512-GpVkmM8vF2vQUkj2LvZmD35JxeJOLCwJ9cUkugyk2nuhbv3+mJvpLYYt+0+USMxE+oj+ey/lJEnhZw75x/OMcQ==}
    requiresBuild: true
    dev: false
    optional: true

  /js-yaml/4.1.0:
    resolution: {integrity: sha512-wpxZs9NoxZaJESJGIZTyDEaYpl0FKSA+FB9aJiyemKhMwkxQg63h4T1KJgUGHpTqPDNRcmmYLugrRjJlBtWvRA==}
    hasBin: true
    dependencies:
      argparse: 2.0.1
    dev: false

  /lodash.get/4.4.2:
    resolution: {integrity: sha512-z+Uw/vLuy6gQe8cfaFWD7p0wVv8fJl3mbzXh33RS+0oW2wvUqiRXiQ69gLWSLpgB5/6sU+r6BlQR0MBILadqTQ==}
    dev: false

  /lodash.isequal/4.5.0:
    resolution: {integrity: sha512-pDo3lu8Jhfjqls6GkMgpahsF9kCyayhgykjyLMNFTKWrpVdAQtYyB4muAMWozBB4ig/dtWAmsMxLEI8wuz+DYQ==}
    dev: false

  /openapi-types/12.0.0:
    resolution: {integrity: sha512-6Wd9k8nmGQHgCbehZCP6wwWcfXcvinhybUTBatuhjRsCxUIujuYFZc9QnGeae75CyHASewBtxs0HX/qwREReUw==}
    dev: false

  /swagger-parser/10.0.2_openapi-types@12.0.0:
    resolution: {integrity: sha512-9jHkHM+QXyLGFLk1DkXBwV+4HyNm0Za3b8/zk/+mjr8jgOSiqm3FOTHBSDsBjtn9scdL+8eWcHdupp2NLM8tDw==}
    engines: {node: '>=10'}
    dependencies:
      '@apidevtools/swagger-parser': 10.0.2_openapi-types@12.0.0
    transitivePeerDependencies:
      - openapi-types
    dev: false

  /validator/13.7.0:
    resolution: {integrity: sha512-nYXQLCBkpJ8X6ltALua9dRrZDHVYxjJ1wgskNt1lH9fzGjs3tgojGSCBjmEPwkWS1y29+DrizMTW19Pr9uB2nw==}
    engines: {node: '>= 0.10'}
    dev: false

  /z-schema/4.2.4:
    resolution: {integrity: sha512-YvBeW5RGNeNzKOUJs3rTL4+9rpcvHXt5I051FJbOcitV8bl40pEfcG0Q+dWSwS0/BIYrMZ/9HHoqLllMkFhD0w==}
    engines: {node: '>=6.0.0'}
    hasBin: true
    dependencies:
      lodash.get: 4.4.2
      lodash.isequal: 4.5.0
      validator: 13.7.0
    optionalDependencies:
      commander: 2.20.3
    dev: false
